
Microsoft Visual Studio Solution File, Format Version 12.00
# Visual Studio 15
Project("{FAE04EC0-301F-11D3-BF4B-00C04F79EFBC}") = "SimonGilbert.Blog", "SimonGilbert.Blog\SimonGilbert.Blog.csproj", "{D4E6EA45-67A7-4A43-9649-A62DF6ACE391}"
EndProject
Project("{FAE04EC0-301F-11D3-BF4B-00C04F79EFBC}") = "SimonGilbert.Blog.Algorithms", "SimonGilbert.Blog.Algorithms\SimonGilbert.Blog.Algorithms.csproj", "{3911744C-C40E-4775-A0A2-B5F3FF4D847E}"
EndProject
Project("{FAE04EC0-301F-11D3-BF4B-00C04F79EFBC}") = "SimonGilbert.Blog.Tests", "SimonGilbert.Blog.Tests\SimonGilbert.Blog.Tests.csproj", "{F5D45628-D3C1-48A6-ABA0-04A05EEFD4D2}"
EndProject
Project("{FAE04EC0-301F-11D3-BF4B-00C04F79EFBC}") = "SimonGilbert.Blog.Data", "SimonGilbert.Blog.Data\SimonGilbert.Blog.Data.csproj", "{363E7981-BE15-4AEF-A2A5-A1F8E1C4E91C}"
EndProject
Project("{2150E333-8FDC-42A3-9474-1A3956D46DE8}") = "Solution Items", "Solution Items", "{C24B66E1-BD35-4611-B251-89A386789130}"
	ProjectSection(SolutionItems) = preProject
		LICENSE.md = LICENSE.md
	EndProjectSection
EndProject
Global
	GlobalSection(SolutionConfigurationPlatforms) = preSolution
		Debug|Any CPU = Debug|Any CPU
		Release|Any CPU = Release|Any CPU
	EndGlobalSection
	GlobalSection(ProjectConfigurationPlatforms) = postSolution
		{D4E6EA45-67A7-4A43-9649-A62DF6ACE391}.Debug|Any CPU.ActiveCfg = Debug|Any CPU
		{D4E6EA45-67A7-4A43-9649-A62DF6ACE391}.Debug|Any CPU.Build.0 = Debug|Any CPU
		{D4E6EA45-67A7-4A43-9649-A62DF6ACE391}.Release|Any CPU.ActiveCfg = Release|Any CPU
		{D4E6EA45-67A7-4A43-9649-A62DF6ACE391}.Release|Any CPU.Build.0 = Release|Any CPU
		{3911744C-C40E-4775-A0A2-B5F3FF4D847E}.Debug|Any CPU.ActiveCfg = Debug|Any CPU
		{3911744C-C40E-4775-A0A2-B5F3FF4D847E}.Debug|Any CPU.Build.0 = Debug|Any CPU
		{3911744C-C40E-4775-A0A2-B5F3FF4D847E}.Release|Any CPU.ActiveCfg = Release|Any CPU
		{3911744C-C40E-4775-A0A2-B5F3FF4D847E}.Release|Any CPU.Build.0 = Release|Any CPU
		{F5D45628-D3C1-48A6-ABA0-04A05EEFD4D2}.Debug|Any CPU.ActiveCfg = Debug|Any CPU
		{F5D45628-D3C1-48A6-ABA0-04A05EEFD4D2}.Debug|Any CPU.Build.0 = Debug|Any CPU
		{F5D45628-D3C1-48A6-ABA0-04A05EEFD4D2}.Release|Any CPU.ActiveCfg = Release|Any CPU
		{F5D45628-D3C1-48A6-ABA0-04A05EEFD4D2}.Release|Any CPU.Build.0 = Release|Any CPU
		{363E7981-BE15-4AEF-A2A5-A1F8E1C4E91C}.Debug|Any CPU.ActiveCfg = Debug|Any CPU
		{363E7981-BE15-4AEF-A2A5-A1F8E1C4E91C}.Debug|Any CPU.Build.0 = Debug|Any CPU
		{363E7981-BE15-4AEF-A2A5-A1F8E1C4E91C}.Release|Any CPU.ActiveCfg = Release|Any CPU
		{363E7981-BE15-4AEF-A2A5-A1F8E1C4E91C}.Release|Any CPU.Build.0 = Release|Any CPU
	EndGlobalSection
EndGlobal
